
Microsoft Visual Studio Solution File, Format Version 12.00
# Visual Studio Version 16
VisualStudioVersion = 16.0.31105.61
MinimumVisualStudioVersion = 10.0.40219.1
Project("{FAE04EC0-301F-11D3-BF4B-00C04F79EFBC}") = "TopK", "TopK.csproj", "{F67A64C4-2B54-4ACD-ABC2-C5510FAF9BE4}"
EndProject
Global
	GlobalSection(SolutionConfigurationPlatforms) = preSolution
		Debug|Any CPU = Debug|Any CPU
		Release|Any CPU = Release|Any CPU
	EndGlobalSection
	GlobalSection(ProjectConfigurationPlatforms) = postSolution
		{F67A64C4-2B54-4ACD-ABC2-C5510FAF9BE4}.Debug|Any CPU.ActiveCfg = Debug|Any CPU
		{F67A64C4-2B54-4ACD-ABC2-C5510FAF9BE4}.Debug|Any CPU.Build.0 = Debug|Any CPU
		{F67A64C4-2B54-4ACD-ABC2-C5510FAF9BE4}.Release|Any CPU.ActiveCfg = Release|Any CPU
		{F67A64C4-2B54-4ACD-ABC2-C5510FAF9BE4}.Release|Any CPU.Build.0 = Release|Any CPU
	EndGlobalSection
	GlobalSection(SolutionProperties) = preSolution
		HideSolutionNode = FALSE
	EndGlobalSection
	GlobalSection(ExtensibilityGlobals) = postSolution
		SolutionGuid = {E2C96B36-2EEB-42A1-984B-D8B3CA860692}
	EndGlobalSection
EndGlobal
